
Microsoft Visual Studio Solution File, Format Version 12.00
# Visual Studio Version 16
VisualStudioVersion = 16.0.29123.88
MinimumVisualStudioVersion = 10.0.40219.1
Project("{9A19103F-16F7-4668-BE54-9A1E7A4F7556}") = "LuasAPI.NET.Tests", "LuasAPI.NET.Tests\LuasAPI.NET.Tests.csproj", "{57C53DD4-D3AC-4B6E-8D47-B6BB8613EA02}"
EndProject
Project("{9A19103F-16F7-4668-BE54-9A1E7A4F7556}") = "LuasAPI.NET.Example", "LuasAPI.NET.Example\LuasAPI.NET.Example.csproj", "{AAE2491D-B691-4AAC-9FDD-04858112A26E}"
EndProject
Project("{9A19103F-16F7-4668-BE54-9A1E7A4F7556}") = "LuasAPI.NET", "LuasAPI.NET\LuasAPI.NET.csproj", "{92129F06-30FE-40A1-B509-B20BF72867ED}"
EndProject
Project("{FAE04EC0-301F-11D3-BF4B-00C04F79EFBC}") = "LuasAPI.AzureFunction", "LuasAPI.AzureFunction\LuasAPI.AzureFunction.csproj", "{9BFD0792-2CA1-4093-95B0-EF459A3F3B36}"
EndProject
Global
	GlobalSection(SolutionConfigurationPlatforms) = preSolution
		Debug|Any CPU = Debug|Any CPU
		Release|Any CPU = Release|Any CPU
	EndGlobalSection
	GlobalSection(ProjectConfigurationPlatforms) = postSolution
		{57C53DD4-D3AC-4B6E-8D47-B6BB8613EA02}.Debug|Any CPU.ActiveCfg = Debug|Any CPU
		{57C53DD4-D3AC-4B6E-8D47-B6BB8613EA02}.Debug|Any CPU.Build.0 = Debug|Any CPU
		{57C53DD4-D3AC-4B6E-8D47-B6BB8613EA02}.Release|Any CPU.ActiveCfg = Release|Any CPU
		{57C53DD4-D3AC-4B6E-8D47-B6BB8613EA02}.Release|Any CPU.Build.0 = Release|Any CPU
		{AAE2491D-B691-4AAC-9FDD-04858112A26E}.Debug|Any CPU.ActiveCfg = Debug|Any CPU
		{AAE2491D-B691-4AAC-9FDD-04858112A26E}.Debug|Any CPU.Build.0 = Debug|Any CPU
		{AAE2491D-B691-4AAC-9FDD-04858112A26E}.Release|Any CPU.ActiveCfg = Release|Any CPU
		{AAE2491D-B691-4AAC-9FDD-04858112A26E}.Release|Any CPU.Build.0 = Release|Any CPU
		{92129F06-30FE-40A1-B509-B20BF72867ED}.Debug|Any CPU.ActiveCfg = Debug|Any CPU
		{92129F06-30FE-40A1-B509-B20BF72867ED}.Debug|Any CPU.Build.0 = Debug|Any CPU
		{92129F06-30FE-40A1-B509-B20BF72867ED}.Release|Any CPU.ActiveCfg = Release|Any CPU
		{92129F06-30FE-40A1-B509-B20BF72867ED}.Release|Any CPU.Build.0 = Release|Any CPU
		{9BFD0792-2CA1-4093-95B0-EF459A3F3B36}.Debug|Any CPU.ActiveCfg = Debug|Any CPU
		{9BFD0792-2CA1-4093-95B0-EF459A3F3B36}.Debug|Any CPU.Build.0 = Debug|Any CPU
		{9BFD0792-2CA1-4093-95B0-EF459A3F3B36}.Release|Any CPU.ActiveCfg = Release|Any CPU
		{9BFD0792-2CA1-4093-95B0-EF459A3F3B36}.Release|Any CPU.Build.0 = Release|Any CPU
	EndGlobalSection
	GlobalSection(SolutionProperties) = preSolution
		HideSolutionNode = FALSE
	EndGlobalSection
	GlobalSection(ExtensibilityGlobals) = postSolution
		SolutionGuid = {3A7E8076-9976-4A55-804F-14BFD15F16E7}
	EndGlobalSection
EndGlobal
