
Microsoft Visual Studio Solution File, Format Version 12.00
# Visual Studio 15
VisualStudioVersion = 15.0.27130.2020
MinimumVisualStudioVersion = 10.0.40219.1
Project("{9A19103F-16F7-4668-BE54-9A1E7A4F7556}") = "LuasAPI.NET", "LuasAPI.NET\LuasAPI.NET.csproj", "{1C4888BA-96F4-4604-8762-76D4912A530F}"
EndProject
Project("{FAE04EC0-301F-11D3-BF4B-00C04F79EFBC}") = "LuasAPI.NET.Tests", "LuasAPI.Net.Tests\LuasAPI.NET.Tests.csproj", "{AA5A75ED-03BD-48F8-875F-49D74CF1D921}"
EndProject
Global
	GlobalSection(SolutionConfigurationPlatforms) = preSolution
		Debug|Any CPU = Debug|Any CPU
		Release|Any CPU = Release|Any CPU
	EndGlobalSection
	GlobalSection(ProjectConfigurationPlatforms) = postSolution
		{1C4888BA-96F4-4604-8762-76D4912A530F}.Debug|Any CPU.ActiveCfg = Debug|Any CPU
		{1C4888BA-96F4-4604-8762-76D4912A530F}.Debug|Any CPU.Build.0 = Debug|Any CPU
		{1C4888BA-96F4-4604-8762-76D4912A530F}.Release|Any CPU.ActiveCfg = Release|Any CPU
		{1C4888BA-96F4-4604-8762-76D4912A530F}.Release|Any CPU.Build.0 = Release|Any CPU
		{AA5A75ED-03BD-48F8-875F-49D74CF1D921}.Debug|Any CPU.ActiveCfg = Debug|Any CPU
		{AA5A75ED-03BD-48F8-875F-49D74CF1D921}.Debug|Any CPU.Build.0 = Debug|Any CPU
		{AA5A75ED-03BD-48F8-875F-49D74CF1D921}.Release|Any CPU.ActiveCfg = Release|Any CPU
		{AA5A75ED-03BD-48F8-875F-49D74CF1D921}.Release|Any CPU.Build.0 = Release|Any CPU
	EndGlobalSection
	GlobalSection(SolutionProperties) = preSolution
		HideSolutionNode = FALSE
	EndGlobalSection
	GlobalSection(ExtensibilityGlobals) = postSolution
		SolutionGuid = {3A7E8076-9976-4A55-804F-14BFD15F16E7}
	EndGlobalSection
EndGlobal
